
Microsoft Visual Studio Solution File, Format Version 12.00
# Visual Studio Version 17
VisualStudioVersion = 17.0.31903.59
MinimumVisualStudioVersion = 10.0.40219.1
Project("{2150E333-8FDC-42A3-9474-1A3956D46DE8}") = "src", "src", "{827E0CD3-B72D-47B6-A68D-7590B98EB39B}"
EndProject
Project("{FAE04EC0-301F-11D3-BF4B-00C04F79EFBC}") = "GovernedAgent.Console.Bff", "src\GovernedAgent.Console.Bff\GovernedAgent.Console.Bff.csproj", "{C1A1D0CD-96E3-42A2-8713-AA82D39AD60B}"
EndProject
Project("{FAE04EC0-301F-11D3-BF4B-00C04F79EFBC}") = "GovernedAgent.Core", "src\GovernedAgent.Core\GovernedAgent.Core.csproj", "{35E8E4DC-B1B5-417E-95B5-1020F14AD820}"
EndProject
Project("{FAE04EC0-301F-11D3-BF4B-00C04F79EFBC}") = "GovernedAgent.Governance", "src\GovernedAgent.Governance\GovernedAgent.Governance.csproj", "{4C27A572-DDFF-46FA-AED1-7E1CD435CB97}"
EndProject
Project("{FAE04EC0-301F-11D3-BF4B-00C04F79EFBC}") = "GovernedAgent.Host", "src\GovernedAgent.Host\GovernedAgent.Host.csproj", "{8819412C-9EDE-4283-9E53-F63FC38AD4F5}"
EndProject
Project("{FAE04EC0-301F-11D3-BF4B-00C04F79EFBC}") = "GovernedAgent.Simulator", "src\GovernedAgent.Simulator\GovernedAgent.Simulator.csproj", "{C5BB57A0-265D-4557-A99F-8B5D57AD8129}"
EndProject
Project("{2150E333-8FDC-42A3-9474-1A3956D46DE8}") = "tests", "tests", "{0AB3BF05-4346-4AA6-1389-037BE0695223}"
EndProject
Project("{FAE04EC0-301F-11D3-BF4B-00C04F79EFBC}") = "GovernedAgent.ConformanceTests", "tests\GovernedAgent.ConformanceTests\GovernedAgent.ConformanceTests.csproj", "{97D3A289-6323-4114-A470-DA2E9A331F7C}"
EndProject
Project("{FAE04EC0-301F-11D3-BF4B-00C04F79EFBC}") = "GovernedAgent.IntegrationTests", "tests\GovernedAgent.IntegrationTests\GovernedAgent.IntegrationTests.csproj", "{52961C91-FD86-48B7-B6F5-5BE084DE43CE}"
EndProject
Project("{FAE04EC0-301F-11D3-BF4B-00C04F79EFBC}") = "GovernedAgent.SecurityTests", "tests\GovernedAgent.SecurityTests\GovernedAgent.SecurityTests.csproj", "{C944D5D5-C4CF-4CA2-AE29-26902C0F89FA}"
EndProject
Project("{FAE04EC0-301F-11D3-BF4B-00C04F79EFBC}") = "GovernedAgent.UnitTests", "tests\GovernedAgent.UnitTests\GovernedAgent.UnitTests.csproj", "{B2418907-ABB2-46E3-BB38-72B53B3EACB1}"
EndProject
Project("{FAE04EC0-301F-11D3-BF4B-00C04F79EFBC}") = "GovernedAgent.Research", "src\GovernedAgent.Research\GovernedAgent.Research.csproj", "{F37C40DA-5172-4CE0-9715-BE5EE2B60D24}"
EndProject
Global
	GlobalSection(SolutionConfigurationPlatforms) = preSolution
		Debug|Any CPU = Debug|Any CPU
		Debug|x64 = Debug|x64
		Debug|x86 = Debug|x86
		Release|Any CPU = Release|Any CPU
		Release|x64 = Release|x64
		Release|x86 = Release|x86
	EndGlobalSection
	GlobalSection(ProjectConfigurationPlatforms) = postSolution
		{C1A1D0CD-96E3-42A2-8713-AA82D39AD60B}.Debug|Any CPU.ActiveCfg = Debug|Any CPU
		{C1A1D0CD-96E3-42A2-8713-AA82D39AD60B}.Debug|Any CPU.Build.0 = Debug|Any CPU
		{C1A1D0CD-96E3-42A2-8713-AA82D39AD60B}.Debug|x64.ActiveCfg = Debug|Any CPU
		{C1A1D0CD-96E3-42A2-8713-AA82D39AD60B}.Debug|x64.Build.0 = Debug|Any CPU
		{C1A1D0CD-96E3-42A2-8713-AA82D39AD60B}.Debug|x86.ActiveCfg = Debug|Any CPU
		{C1A1D0CD-96E3-42A2-8713-AA82D39AD60B}.Debug|x86.Build.0 = Debug|Any CPU
		{C1A1D0CD-96E3-42A2-8713-AA82D39AD60B}.Release|Any CPU.ActiveCfg = Release|Any CPU
		{C1A1D0CD-96E3-42A2-8713-AA82D39AD60B}.Release|Any CPU.Build.0 = Release|Any CPU
		{C1A1D0CD-96E3-42A2-8713-AA82D39AD60B}.Release|x64.ActiveCfg = Release|Any CPU
		{C1A1D0CD-96E3-42A2-8713-AA82D39AD60B}.Release|x64.Build.0 = Release|Any CPU
		{C1A1D0CD-96E3-42A2-8713-AA82D39AD60B}.Release|x86.ActiveCfg = Release|Any CPU
		{C1A1D0CD-96E3-42A2-8713-AA82D39AD60B}.Release|x86.Build.0 = Release|Any CPU
		{35E8E4DC-B1B5-417E-95B5-1020F14AD820}.Debug|Any CPU.ActiveCfg = Debug|Any CPU
		{35E8E4DC-B1B5-417E-95B5-1020F14AD820}.Debug|Any CPU.Build.0 = Debug|Any CPU
		{35E8E4DC-B1B5-417E-95B5-1020F14AD820}.Debug|x64.ActiveCfg = Debug|Any CPU
		{35E8E4DC-B1B5-417E-95B5-1020F14AD820}.Debug|x64.Build.0 = Debug|Any CPU
		{35E8E4DC-B1B5-417E-95B5-1020F14AD820}.Debug|x86.ActiveCfg = Debug|Any CPU
		{35E8E4DC-B1B5-417E-95B5-1020F14AD820}.Debug|x86.Build.0 = Debug|Any CPU
		{35E8E4DC-B1B5-417E-95B5-1020F14AD820}.Release|Any CPU.ActiveCfg = Release|Any CPU
		{35E8E4DC-B1B5-417E-95B5-1020F14AD820}.Release|Any CPU.Build.0 = Release|Any CPU
		{35E8E4DC-B1B5-417E-95B5-1020F14AD820}.Release|x64.ActiveCfg = Release|Any CPU
		{35E8E4DC-B1B5-417E-95B5-1020F14AD820}.Release|x64.Build.0 = Release|Any CPU
		{35E8E4DC-B1B5-417E-95B5-1020F14AD820}.Release|x86.ActiveCfg = Release|Any CPU
		{35E8E4DC-B1B5-417E-95B5-1020F14AD820}.Release|x86.Build.0 = Release|Any CPU
		{4C27A572-DDFF-46FA-AED1-7E1CD435CB97}.Debug|Any CPU.ActiveCfg = Debug|Any CPU
		{4C27A572-DDFF-46FA-AED1-7E1CD435CB97}.Debug|Any CPU.Build.0 = Debug|Any CPU
		{4C27A572-DDFF-46FA-AED1-7E1CD435CB97}.Debug|x64.ActiveCfg = Debug|Any CPU
		{4C27A572-DDFF-46FA-AED1-7E1CD435CB97}.Debug|x64.Build.0 = Debug|Any CPU
		{4C27A572-DDFF-46FA-AED1-7E1CD435CB97}.Debug|x86.ActiveCfg = Debug|Any CPU
		{4C27A572-DDFF-46FA-AED1-7E1CD435CB97}.Debug|x86.Build.0 = Debug|Any CPU
		{4C27A572-DDFF-46FA-AED1-7E1CD435CB97}.Release|Any CPU.ActiveCfg = Release|Any CPU
		{4C27A572-DDFF-46FA-AED1-7E1CD435CB97}.Release|Any CPU.Build.0 = Release|Any CPU
		{4C27A572-DDFF-46FA-AED1-7E1CD435CB97}.Release|x64.ActiveCfg = Release|Any CPU
		{4C27A572-DDFF-46FA-AED1-7E1CD435CB97}.Release|x64.Build.0 = Release|Any CPU
		{4C27A572-DDFF-46FA-AED1-7E1CD435CB97}.Release|x86.ActiveCfg = Release|Any CPU
		{4C27A572-DDFF-46FA-AED1-7E1CD435CB97}.Release|x86.Build.0 = Release|Any CPU
		{8819412C-9EDE-4283-9E53-F63FC38AD4F5}.Debug|Any CPU.ActiveCfg = Debug|Any CPU
		{8819412C-9EDE-4283-9E53-F63FC38AD4F5}.Debug|Any CPU.Build.0 = Debug|Any CPU
		{8819412C-9EDE-4283-9E53-F63FC38AD4F5}.Debug|x64.ActiveCfg = Debug|Any CPU
		{8819412C-9EDE-4283-9E53-F63FC38AD4F5}.Debug|x64.Build.0 = Debug|Any CPU
		{8819412C-9EDE-4283-9E53-F63FC38AD4F5}.Debug|x86.ActiveCfg = Debug|Any CPU
		{8819412C-9EDE-4283-9E53-F63FC38AD4F5}.Debug|x86.Build.0 = Debug|Any CPU
		{8819412C-9EDE-4283-9E53-F63FC38AD4F5}.Release|Any CPU.ActiveCfg = Release|Any CPU
		{8819412C-9EDE-4283-9E53-F63FC38AD4F5}.Release|Any CPU.Build.0 = Release|Any CPU
		{8819412C-9EDE-4283-9E53-F63FC38AD4F5}.Release|x64.ActiveCfg = Release|Any CPU
		{8819412C-9EDE-4283-9E53-F63FC38AD4F5}.Release|x64.Build.0 = Release|Any CPU
		{8819412C-9EDE-4283-9E53-F63FC38AD4F5}.Release|x86.ActiveCfg = Release|Any CPU
		{8819412C-9EDE-4283-9E53-F63FC38AD4F5}.Release|x86.Build.0 = Release|Any CPU
		{C5BB57A0-265D-4557-A99F-8B5D57AD8129}.Debug|Any CPU.ActiveCfg = Debug|Any CPU
		{C5BB57A0-265D-4557-A99F-8B5D57AD8129}.Debug|Any CPU.Build.0 = Debug|Any CPU
		{C5BB57A0-265D-4557-A99F-8B5D57AD8129}.Debug|x64.ActiveCfg = Debug|Any CPU
		{C5BB57A0-265D-4557-A99F-8B5D57AD8129}.Debug|x64.Build.0 = Debug|Any CPU
		{C5BB57A0-265D-4557-A99F-8B5D57AD8129}.Debug|x86.ActiveCfg = Debug|Any CPU
		{C5BB57A0-265D-4557-A99F-8B5D57AD8129}.Debug|x86.Build.0 = Debug|Any CPU
		{C5BB57A0-265D-4557-A99F-8B5D57AD8129}.Release|Any CPU.ActiveCfg = Release|Any CPU
		{C5BB57A0-265D-4557-A99F-8B5D57AD8129}.Release|Any CPU.Build.0 = Release|Any CPU
		{C5BB57A0-265D-4557-A99F-8B5D57AD8129}.Release|x64.ActiveCfg = Release|Any CPU
		{C5BB57A0-265D-4557-A99F-8B5D57AD8129}.Release|x64.Build.0 = Release|Any CPU
		{C5BB57A0-265D-4557-A99F-8B5D57AD8129}.Release|x86.ActiveCfg = Release|Any CPU
		{C5BB57A0-265D-4557-A99F-8B5D57AD8129}.Release|x86.Build.0 = Release|Any CPU
		{97D3A289-6323-4114-A470-DA2E9A331F7C}.Debug|Any CPU.ActiveCfg = Debug|Any CPU
		{97D3A289-6323-4114-A470-DA2E9A331F7C}.Debug|Any CPU.Build.0 = Debug|Any CPU
		{97D3A289-6323-4114-A470-DA2E9A331F7C}.Debug|x64.ActiveCfg = Debug|Any CPU
		{97D3A289-6323-4114-A470-DA2E9A331F7C}.Debug|x64.Build.0 = Debug|Any CPU
		{97D3A289-6323-4114-A470-DA2E9A331F7C}.Debug|x86.ActiveCfg = Debug|Any CPU
		{97D3A289-6323-4114-A470-DA2E9A331F7C}.Debug|x86.Build.0 = Debug|Any CPU
		{97D3A289-6323-4114-A470-DA2E9A331F7C}.Release|Any CPU.ActiveCfg = Release|Any CPU
		{97D3A289-6323-4114-A470-DA2E9A331F7C}.Release|Any CPU.Build.0 = Release|Any CPU
		{97D3A289-6323-4114-A470-DA2E9A331F7C}.Release|x64.ActiveCfg = Release|Any CPU
		{97D3A289-6323-4114-A470-DA2E9A331F7C}.Release|x64.Build.0 = Release|Any CPU
		{97D3A289-6323-4114-A470-DA2E9A331F7C}.Release|x86.ActiveCfg = Release|Any CPU
		{97D3A289-6323-4114-A470-DA2E9A331F7C}.Release|x86.Build.0 = Release|Any CPU
		{52961C91-FD86-48B7-B6F5-5BE084DE43CE}.Debug|Any CPU.ActiveCfg = Debug|Any CPU
		{52961C91-FD86-48B7-B6F5-5BE084DE43CE}.Debug|Any CPU.Build.0 = Debug|Any CPU
		{52961C91-FD86-48B7-B6F5-5BE084DE43CE}.Debug|x64.ActiveCfg = Debug|Any CPU
		{52961C91-FD86-48B7-B6F5-5BE084DE43CE}.Debug|x64.Build.0 = Debug|Any CPU
		{52961C91-FD86-48B7-B6F5-5BE084DE43CE}.Debug|x86.ActiveCfg = Debug|Any CPU
		{52961C91-FD86-48B7-B6F5-5BE084DE43CE}.Debug|x86.Build.0 = Debug|Any CPU
		{52961C91-FD86-48B7-B6F5-5BE084DE43CE}.Release|Any CPU.ActiveCfg = Release|Any CPU
		{52961C91-FD86-48B7-B6F5-5BE084DE43CE}.Release|Any CPU.Build.0 = Release|Any CPU
		{52961C91-FD86-48B7-B6F5-5BE084DE43CE}.Release|x64.ActiveCfg = Release|Any CPU
		{52961C91-FD86-48B7-B6F5-5BE084DE43CE}.Release|x64.Build.0 = Release|Any CPU
		{52961C91-FD86-48B7-B6F5-5BE084DE43CE}.Release|x86.ActiveCfg = Release|Any CPU
		{52961C91-FD86-48B7-B6F5-5BE084DE43CE}.Release|x86.Build.0 = Release|Any CPU
		{C944D5D5-C4CF-4CA2-AE29-26902C0F89FA}.Debug|Any CPU.ActiveCfg = Debug|Any CPU
		{C944D5D5-C4CF-4CA2-AE29-26902C0F89FA}.Debug|Any CPU.Build.0 = Debug|Any CPU
		{C944D5D5-C4CF-4CA2-AE29-26902C0F89FA}.Debug|x64.ActiveCfg = Debug|Any CPU
		{C944D5D5-C4CF-4CA2-AE29-26902C0F89FA}.Debug|x64.Build.0 = Debug|Any CPU
		{C944D5D5-C4CF-4CA2-AE29-26902C0F89FA}.Debug|x86.ActiveCfg = Debug|Any CPU
		{C944D5D5-C4CF-4CA2-AE29-26902C0F89FA}.Debug|x86.Build.0 = Debug|Any CPU
		{C944D5D5-C4CF-4CA2-AE29-26902C0F89FA}.Release|Any CPU.ActiveCfg = Release|Any CPU
		{C944D5D5-C4CF-4CA2-AE29-26902C0F89FA}.Release|Any CPU.Build.0 = Release|Any CPU
		{C944D5D5-C4CF-4CA2-AE29-26902C0F89FA}.Release|x64.ActiveCfg = Release|Any CPU
		{C944D5D5-C4CF-4CA2-AE29-26902C0F89FA}.Release|x64.Build.0 = Release|Any CPU
		{C944D5D5-C4CF-4CA2-AE29-26902C0F89FA}.Release|x86.ActiveCfg = Release|Any CPU
		{C944D5D5-C4CF-4CA2-AE29-26902C0F89FA}.Release|x86.Build.0 = Release|Any CPU
		{B2418907-ABB2-46E3-BB38-72B53B3EACB1}.Debug|Any CPU.ActiveCfg = Debug|Any CPU
		{B2418907-ABB2-46E3-BB38-72B53B3EACB1}.Debug|Any CPU.Build.0 = Debug|Any CPU
		{B2418907-ABB2-46E3-BB38-72B53B3EACB1}.Debug|x64.ActiveCfg = Debug|Any CPU
		{B2418907-ABB2-46E3-BB38-72B53B3EACB1}.Debug|x64.Build.0 = Debug|Any CPU
		{B2418907-ABB2-46E3-BB38-72B53B3EACB1}.Debug|x86.ActiveCfg = Debug|Any CPU
		{B2418907-ABB2-46E3-BB38-72B53B3EACB1}.Debug|x86.Build.0 = Debug|Any CPU
		{B2418907-ABB2-46E3-BB38-72B53B3EACB1}.Release|Any CPU.ActiveCfg = Release|Any CPU
		{B2418907-ABB2-46E3-BB38-72B53B3EACB1}.Release|Any CPU.Build.0 = Release|Any CPU
		{B2418907-ABB2-46E3-BB38-72B53B3EACB1}.Release|x64.ActiveCfg = Release|Any CPU
		{B2418907-ABB2-46E3-BB38-72B53B3EACB1}.Release|x64.Build.0 = Release|Any CPU
		{B2418907-ABB2-46E3-BB38-72B53B3EACB1}.Release|x86.ActiveCfg = Release|Any CPU
		{B2418907-ABB2-46E3-BB38-72B53B3EACB1}.Release|x86.Build.0 = Release|Any CPU
		{F37C40DA-5172-4CE0-9715-BE5EE2B60D24}.Debug|Any CPU.ActiveCfg = Debug|Any CPU
		{F37C40DA-5172-4CE0-9715-BE5EE2B60D24}.Debug|Any CPU.Build.0 = Debug|Any CPU
		{F37C40DA-5172-4CE0-9715-BE5EE2B60D24}.Debug|x64.ActiveCfg = Debug|Any CPU
		{F37C40DA-5172-4CE0-9715-BE5EE2B60D24}.Debug|x64.Build.0 = Debug|Any CPU
		{F37C40DA-5172-4CE0-9715-BE5EE2B60D24}.Debug|x86.ActiveCfg = Debug|Any CPU
		{F37C40DA-5172-4CE0-9715-BE5EE2B60D24}.Debug|x86.Build.0 = Debug|Any CPU
		{F37C40DA-5172-4CE0-9715-BE5EE2B60D24}.Release|Any CPU.ActiveCfg = Release|Any CPU
		{F37C40DA-5172-4CE0-9715-BE5EE2B60D24}.Release|Any CPU.Build.0 = Release|Any CPU
		{F37C40DA-5172-4CE0-9715-BE5EE2B60D24}.Release|x64.ActiveCfg = Release|Any CPU
		{F37C40DA-5172-4CE0-9715-BE5EE2B60D24}.Release|x64.Build.0 = Release|Any CPU
		{F37C40DA-5172-4CE0-9715-BE5EE2B60D24}.Release|x86.ActiveCfg = Release|Any CPU
		{F37C40DA-5172-4CE0-9715-BE5EE2B60D24}.Release|x86.Build.0 = Release|Any CPU
	EndGlobalSection
	GlobalSection(SolutionProperties) = preSolution
		HideSolutionNode = FALSE
	EndGlobalSection
	GlobalSection(NestedProjects) = preSolution
		{C1A1D0CD-96E3-42A2-8713-AA82D39AD60B} = {827E0CD3-B72D-47B6-A68D-7590B98EB39B}
		{35E8E4DC-B1B5-417E-95B5-1020F14AD820} = {827E0CD3-B72D-47B6-A68D-7590B98EB39B}
		{4C27A572-DDFF-46FA-AED1-7E1CD435CB97} = {827E0CD3-B72D-47B6-A68D-7590B98EB39B}
		{8819412C-9EDE-4283-9E53-F63FC38AD4F5} = {827E0CD3-B72D-47B6-A68D-7590B98EB39B}
		{C5BB57A0-265D-4557-A99F-8B5D57AD8129} = {827E0CD3-B72D-47B6-A68D-7590B98EB39B}
		{97D3A289-6323-4114-A470-DA2E9A331F7C} = {0AB3BF05-4346-4AA6-1389-037BE0695223}
		{52961C91-FD86-48B7-B6F5-5BE084DE43CE} = {0AB3BF05-4346-4AA6-1389-037BE0695223}
		{C944D5D5-C4CF-4CA2-AE29-26902C0F89FA} = {0AB3BF05-4346-4AA6-1389-037BE0695223}
		{B2418907-ABB2-46E3-BB38-72B53B3EACB1} = {0AB3BF05-4346-4AA6-1389-037BE0695223}
		{F37C40DA-5172-4CE0-9715-BE5EE2B60D24} = {827E0CD3-B72D-47B6-A68D-7590B98EB39B}
	EndGlobalSection
EndGlobal
